// !$*UTF8*$!
{
	archiveVersion = 1;
	classes = {
	};
	objectVersion = 50;
	objects = {

/* Begin PBXBuildFile section */
		9CA7D064231AFDDB005264CA /* AppDelegate.swift in Sources */ = {isa = PBXBuildFile; fileRef = 9CA7D063231AFDDB005264CA /* AppDelegate.swift */; };
		9CA7D06B231AFDDD005264CA /* Assets.xcassets in Resources */ = {isa = PBXBuildFile; fileRef = 9CA7D06A231AFDDD005264CA /* Assets.xcassets */; };
		9CA7D06E231AFDDD005264CA /* LaunchScreen.storyboard in Resources */ = {isa = PBXBuildFile; fileRef = 9CA7D06C231AFDDD005264CA /* LaunchScreen.storyboard */; };
		9CA7D079231AFDDD005264CA /* TASC_1Tests.swift in Sources */ = {isa = PBXBuildFile; fileRef = 9CA7D078231AFDDD005264CA /* TASC_1Tests.swift */; };
		9CA7D084231AFDDD005264CA /* TASC_1UITests.swift in Sources */ = {isa = PBXBuildFile; fileRef = 9CA7D083231AFDDD005264CA /* TASC_1UITests.swift */; };
		9CA7D096231AFF43005264CA /* ProductsListHelper.swift in Sources */ = {isa = PBXBuildFile; fileRef = 9CA7D095231AFF43005264CA /* ProductsListHelper.swift */; };
		9CA7D09A231AFF62005264CA /* CartItem.swift in Sources */ = {isa = PBXBuildFile; fileRef = 9CA7D097231AFF62005264CA /* CartItem.swift */; };
		9CA7D09B231AFF62005264CA /* Cart.swift in Sources */ = {isa = PBXBuildFile; fileRef = 9CA7D098231AFF62005264CA /* Cart.swift */; };
		9CA7D09C231AFF62005264CA /* Product.swift in Sources */ = {isa = PBXBuildFile; fileRef = 9CA7D099231AFF62005264CA /* Product.swift */; };
		9CA7D09E231AFF8A005264CA /* CartItemTableViewCell.swift in Sources */ = {isa = PBXBuildFile; fileRef = 9CA7D09D231AFF8A005264CA /* CartItemTableViewCell.swift */; };
		9CA7D0A0231AFFB9005264CA /* CartViewController.swift in Sources */ = {isa = PBXBuildFile; fileRef = 9CA7D09F231AFFB9005264CA /* CartViewController.swift */; };
		9CA7D0A2231B00BF005264CA /* Main.storyboard in Resources */ = {isa = PBXBuildFile; fileRef = 9CA7D0A1231B00BF005264CA /* Main.storyboard */; };
/* End PBXBuildFile section */

/* Begin PBXContainerItemProxy section */
		9CA7D075231AFDDD005264CA /* PBXContainerItemProxy */ = {
			isa = PBXContainerItemProxy;
			containerPortal = 9CA7D058231AFDDB005264CA /* Project object */;
			proxyType = 1;
			remoteGlobalIDString = 9CA7D05F231AFDDB005264CA;
			remoteInfo = "TASC-1";
		};
		9CA7D080231AFDDD005264CA /* PBXContainerItemProxy */ = {
			isa = PBXContainerItemProxy;
			containerPortal = 9CA7D058231AFDDB005264CA /* Project object */;
			proxyType = 1;
			remoteGlobalIDString = 9CA7D05F231AFDDB005264CA;
			remoteInfo = "TASC-1";
		};
/* End PBXContainerItemProxy section */

/* Begin PBXFileReference section */
		9CA7D060231AFDDB005264CA /* TASC-1.app */ = {isa = PBXFileReference; explicitFileType = wrapper.application; includeInIndex = 0; path = "TASC-1.app"; sourceTree = BUILT_PRODUCTS_DIR; };
		9CA7D063231AFDDB005264CA /* AppDelegate.swift */ = {isa = PBXFileReference; lastKnownFileType = sourcecode.swift; path = AppDelegate.swift; sourceTree = "<group>"; };
		9CA7D06A231AFDDD005264CA /* Assets.xcassets */ = {isa = PBXFileReference; lastKnownFileType = folder.assetcatalog; path = Assets.xcassets; sourceTree = "<group>"; };
		9CA7D06D231AFDDD005264CA /* Base */ = {isa = PBXFileReference; lastKnownFileType = file.storyboard; name = Base; path = Base.lproj/LaunchScreen.storyboard; sourceTree = "<group>"; };
		9CA7D06F231AFDDD005264CA /* Info.plist */ = {isa = PBXFileReference; lastKnownFileType = text.plist.xml; path = Info.plist; sourceTree = "<group>"; };
		9CA7D074231AFDDD005264CA /* TASC-1Tests.xctest */ = {isa = PBXFileReference; explicitFileType = wrapper.cfbundle; includeInIndex = 0; path = "TASC-1Tests.xctest"; sourceTree = BUILT_PRODUCTS_DIR; };
		9CA7D078231AFDDD005264CA /* TASC_1Tests.swift */ = {isa = PBXFileReference; lastKnownFileType = sourcecode.swift; path = TASC_1Tests.swift; sourceTree = "<group>"; };
		9CA7D07A231AFDDD005264CA /* Info.plist */ = {isa = PBXFileReference; lastKnownFileType = text.plist.xml; path = Info.plist; sourceTree = "<group>"; };
		9CA7D07F231AFDDD005264CA /* TASC-1UITests.xctest */ = {isa = PBXFileReference; explicitFileType = wrapper.cfbundle; includeInIndex = 0; path = "TASC-1UITests.xctest"; sourceTree = BUILT_PRODUCTS_DIR; };
		9CA7D083231AFDDD005264CA /* TASC_1UITests.swift */ = {isa = PBXFileReference; lastKnownFileType = sourcecode.swift; path = TASC_1UITests.swift; sourceTree = "<group>"; };
		9CA7D085231AFDDD005264CA /* Info.plist */ = {isa = PBXFileReference; lastKnownFileType = text.plist.xml; path = Info.plist; sourceTree = "<group>"; };
		9CA7D095231AFF43005264CA /* ProductsListHelper.swift */ = {isa = PBXFileReference; fileEncoding = 4; lastKnownFileType = sourcecode.swift; path = ProductsListHelper.swift; sourceTree = "<group>"; };
		9CA7D097231AFF62005264CA /* CartItem.swift */ = {isa = PBXFileReference; fileEncoding = 4; lastKnownFileType = sourcecode.swift; path = CartItem.swift; sourceTree = "<group>"; };
		9CA7D098231AFF62005264CA /* Cart.swift */ = {isa = PBXFileReference; fileEncoding = 4; lastKnownFileType = sourcecode.swift; path = Cart.swift; sourceTree = "<group>"; };
		9CA7D099231AFF62005264CA /* Product.swift */ = {isa = PBXFileReference; fileEncoding = 4; lastKnownFileType = sourcecode.swift; path = Product.swift; sourceTree = "<group>"; };
		9CA7D09D231AFF8A005264CA /* CartItemTableViewCell.swift */ = {isa = PBXFileReference; fileEncoding = 4; lastKnownFileType = sourcecode.swift; path = CartItemTableViewCell.swift; sourceTree = "<group>"; };
		9CA7D09F231AFFB9005264CA /* CartViewController.swift */ = {isa = PBXFileReference; fileEncoding = 4; lastKnownFileType = sourcecode.swift; path = CartViewController.swift; sourceTree = "<group>"; };
		9CA7D0A1231B00BF005264CA /* Main.storyboard */ = {isa = PBXFileReference; fileEncoding = 4; lastKnownFileType = file.storyboard; path = Main.storyboard; sourceTree = "<group>"; };
/* End PBXFileReference section */

/* Begin PBXFrameworksBuildPhase section */
		9CA7D05D231AFDDB005264CA /* Frameworks */ = {
			isa = PBXFrameworksBuildPhase;
			buildActionMask = 2147483647;
			files = (
			);
			runOnlyForDeploymentPostprocessing = 0;
		};
		9CA7D071231AFDDD005264CA /* Frameworks */ = {
			isa = PBXFrameworksBuildPhase;
			buildActionMask = 2147483647;
			files = (
			);
			runOnlyForDeploymentPostprocessing = 0;
		};
		9CA7D07C231AFDDD005264CA /* Frameworks */ = {
			isa = PBXFrameworksBuildPhase;
			buildActionMask = 2147483647;
			files = (
			);
			runOnlyForDeploymentPostprocessing = 0;
		};
/* End PBXFrameworksBuildPhase section */

/* Begin PBXGroup section */
		9CA7D057231AFDDB005264CA = {
			isa = PBXGroup;
			children = (
				9CA7D062231AFDDB005264CA /* TASC-1 */,
				9CA7D077231AFDDD005264CA /* TASC-1Tests */,
				9CA7D082231AFDDD005264CA /* TASC-1UITests */,
				9CA7D061231AFDDB005264CA /* Products */,
			);
			sourceTree = "<group>";
		};
		9CA7D061231AFDDB005264CA /* Products */ = {
			isa = PBXGroup;
			children = (
				9CA7D060231AFDDB005264CA /* TASC-1.app */,
				9CA7D074231AFDDD005264CA /* TASC-1Tests.xctest */,
				9CA7D07F231AFDDD005264CA /* TASC-1UITests.xctest */,
			);
			name = Products;
			sourceTree = "<group>";
		};
		9CA7D062231AFDDB005264CA /* TASC-1 */ = {
			isa = PBXGroup;
			children = (
				9CA7D094231AFF20005264CA /* Utilities */,
				9CA7D093231AFE6F005264CA /* ViewModel */,
				9CA7D092231AFE61005264CA /* ViewController */,
				9CA7D091231AFE22005264CA /* Model */,
				9CA7D063231AFDDB005264CA /* AppDelegate.swift */,
				9CA7D0A1231B00BF005264CA /* Main.storyboard */,
				9CA7D06A231AFDDD005264CA /* Assets.xcassets */,
				9CA7D06C231AFDDD005264CA /* LaunchScreen.storyboard */,
				9CA7D06F231AFDDD005264CA /* Info.plist */,
			);
			path = "TASC-1";
			sourceTree = "<group>";
		};
		9CA7D077231AFDDD005264CA /* TASC-1Tests */ = {
			isa = PBXGroup;
			children = (
				9CA7D078231AFDDD005264CA /* TASC_1Tests.swift */,
				9CA7D07A231AFDDD005264CA /* Info.plist */,
			);
			path = "TASC-1Tests";
			sourceTree = "<group>";
		};
		9CA7D082231AFDDD005264CA /* TASC-1UITests */ = {
			isa = PBXGroup;
			children = (
				9CA7D083231AFDDD005264CA /* TASC_1UITests.swift */,
				9CA7D085231AFDDD005264CA /* Info.plist */,
			);
			path = "TASC-1UITests";
			sourceTree = "<group>";
		};
		9CA7D091231AFE22005264CA /* Model */ = {
			isa = PBXGroup;
			children = (
				9CA7D099231AFF62005264CA /* Product.swift */,
				9CA7D097231AFF62005264CA /* CartItem.swift */,
				9CA7D098231AFF62005264CA /* Cart.swift */,
			);
			path = Model;
			sourceTree = "<group>";
		};
		9CA7D092231AFE61005264CA /* ViewController */ = {
			isa = PBXGroup;
			children = (
				9CA7D09F231AFFB9005264CA /* CartViewController.swift */,
			);
			path = ViewController;
			sourceTree = "<group>";
		};
		9CA7D093231AFE6F005264CA /* ViewModel */ = {
			isa = PBXGroup;
			children = (
				9CA7D09D231AFF8A005264CA /* CartItemTableViewCell.swift */,
			);
			path = ViewModel;
			sourceTree = "<group>";
		};
		9CA7D094231AFF20005264CA /* Utilities */ = {
			isa = PBXGroup;
			children = (
				9CA7D095231AFF43005264CA /* ProductsListHelper.swift */,
			);
			path = Utilities;
			sourceTree = "<group>";
		};
/* End PBXGroup section */

/* Begin PBXNativeTarget section */
		9CA7D05F231AFDDB005264CA /* TASC-1 */ = {
			isa = PBXNativeTarget;
			buildConfigurationList = 9CA7D088231AFDDD005264CA /* Build configuration list for PBXNativeTarget "TASC-1" */;
			buildPhases = (
				9CA7D05C231AFDDB005264CA /* Sources */,
				9CA7D05D231AFDDB005264CA /* Frameworks */,
				9CA7D05E231AFDDB005264CA /* Resources */,
			);
			buildRules = (
			);
			dependencies = (
			);
			name = "TASC-1";
			productName = "TASC-1";
			productReference = 9CA7D060231AFDDB005264CA /* TASC-1.app */;
			productType = "com.apple.product-type.application";
		};
		9CA7D073231AFDDD005264CA /* TASC-1Tests */ = {
			isa = PBXNativeTarget;
			buildConfigurationList = 9CA7D08B231AFDDD005264CA /* Build configuration list for PBXNativeTarget "TASC-1Tests" */;
			buildPhases = (
				9CA7D070231AFDDD005264CA /* Sources */,
				9CA7D071231AFDDD005264CA /* Frameworks */,
				9CA7D072231AFDDD005264CA /* Resources */,
			);
			buildRules = (
			);
			dependencies = (
				9CA7D076231AFDDD005264CA /* PBXTargetDependency */,
			);
			name = "TASC-1Tests";
			productName = "TASC-1Tests";
			productReference = 9CA7D074231AFDDD005264CA /* TASC-1Tests.xctest */;
			productType = "com.apple.product-type.bundle.unit-test";
		};
		9CA7D07E231AFDDD005264CA /* TASC-1UITests */ = {
			isa = PBXNativeTarget;
			buildConfigurationList = 9CA7D08E231AFDDD005264CA /* Build configuration list for PBXNativeTarget "TASC-1UITests" */;
			buildPhases = (
				9CA7D07B231AFDDD005264CA /* Sources */,
				9CA7D07C231AFDDD005264CA /* Frameworks */,
				9CA7D07D231AFDDD005264CA /* Resources */,
			);
			buildRules = (
			);
			dependencies = (
				9CA7D081231AFDDD005264CA /* PBXTargetDependency */,
			);
			name = "TASC-1UITests";
			productName = "TASC-1UITests";
			productReference = 9CA7D07F231AFDDD005264CA /* TASC-1UITests.xctest */;
			productType = "com.apple.product-type.bundle.ui-testing";
		};
/* End PBXNativeTarget section */

/* Begin PBXProject section */
		9CA7D058231AFDDB005264CA /* Project object */ = {
			isa = PBXProject;
			attributes = {
				LastSwiftUpdateCheck = 1020;
				LastUpgradeCheck = 1020;
				ORGANIZATIONNAME = "Jim Munson";
				TargetAttributes = {
					9CA7D05F231AFDDB005264CA = {
						CreatedOnToolsVersion = 10.2.1;
					};
					9CA7D073231AFDDD005264CA = {
						CreatedOnToolsVersion = 10.2.1;
						TestTargetID = 9CA7D05F231AFDDB005264CA;
					};
					9CA7D07E231AFDDD005264CA = {
						CreatedOnToolsVersion = 10.2.1;
						TestTargetID = 9CA7D05F231AFDDB005264CA;
					};
				};
			};
			buildConfigurationList = 9CA7D05B231AFDDB005264CA /* Build configuration list for PBXProject "TASC-1" */;
			compatibilityVersion = "Xcode 9.3";
			developmentRegion = en;
			hasScannedForEncodings = 0;
			knownRegions = (
				en,
				Base,
			);
			mainGroup = 9CA7D057231AFDDB005264CA;
			productRefGroup = 9CA7D061231AFDDB005264CA /* Products */;
			projectDirPath = "";
			projectRoot = "";
			targets = (
				9CA7D05F231AFDDB005264CA /* TASC-1 */,
				9CA7D073231AFDDD005264CA /* TASC-1Tests */,
				9CA7D07E231AFDDD005264CA /* TASC-1UITests */,
			);
		};
/* End PBXProject section */

/* Begin PBXResourcesBuildPhase section */
		9CA7D05E231AFDDB005264CA /* Resources */ = {
			isa = PBXResourcesBuildPhase;
			buildActionMask = 2147483647;
			files = (
				9CA7D06E231AFDDD005264CA /* LaunchScreen.storyboard in Resources */,
				9CA7D06B231AFDDD005264CA /* Assets.xcassets in Resources */,
				9CA7D0A2231B00BF005264CA /* Main.storyboard in Resources */,
			);
			runOnlyForDeploymentPostprocessing = 0;
		};
		9CA7D072231AFDDD005264CA /* Resources */ = {
			isa = PBXResourcesBuildPhase;
			buildActionMask = 2147483647;
			files = (
			);
			runOnlyForDeploymentPostprocessing = 0;
		};
		9CA7D07D231AFDDD005264CA /* Resources */ = {
			isa = PBXResourcesBuildPhase;
			buildActionMask = 2147483647;
			files = (
			);
			runOnlyForDeploymentPostprocessing = 0;
		};
/* End PBXResourcesBuildPhase section */

/* Begin PBXSourcesBuildPhase section */
		9CA7D05C231AFDDB005264CA /* Sources */ = {
			isa = PBXSourcesBuildPhase;
			buildActionMask = 2147483647;
			files = (
				9CA7D09E231AFF8A005264CA /* CartItemTableViewCell.swift in Sources */,
				9CA7D064231AFDDB005264CA /* AppDelegate.swift in Sources */,
				9CA7D09B231AFF62005264CA /* Cart.swift in Sources */,
				9CA7D0A0231AFFB9005264CA /* CartViewController.swift in Sources */,
				9CA7D09A231AFF62005264CA /* CartItem.swift in Sources */,
				9CA7D096231AFF43005264CA /* ProductsListHelper.swift in Sources */,
				9CA7D09C231AFF62005264CA /* Product.swift in Sources */,
			);
			runOnlyForDeploymentPostprocessing = 0;
		};
		9CA7D070231AFDDD005264CA /* Sources */ = {
			isa = PBXSourcesBuildPhase;
			buildActionMask = 2147483647;
			files = (
				9CA7D079231AFDDD005264CA /* TASC_1Tests.swift in Sources */,
			);
			runOnlyForDeploymentPostprocessing = 0;
		};
		9CA7D07B231AFDDD005264CA /* Sources */ = {
			isa = PBXSourcesBuildPhase;
			buildActionMask = 2147483647;
			files = (
				9CA7D084231AFDDD005264CA /* TASC_1UITests.swift in Sources */,
			);
			runOnlyForDeploymentPostprocessing = 0;
		};
/* End PBXSourcesBuildPhase section */

/* Begin PBXTargetDependency section */
		9CA7D076231AFDDD005264CA /* PBXTargetDependency */ = {
			isa = PBXTargetDependency;
			target = 9CA7D05F231AFDDB005264CA /* TASC-1 */;
			targetProxy = 9CA7D075231AFDDD005264CA /* PBXContainerItemProxy */;
		};
		9CA7D081231AFDDD005264CA /* PBXTargetDependency */ = {
			isa = PBXTargetDependency;
			target = 9CA7D05F231AFDDB005264CA /* TASC-1 */;
			targetProxy = 9CA7D080231AFDDD005264CA /* PBXContainerItemProxy */;
		};
/* End PBXTargetDependency section */

/* Begin PBXVariantGroup section */
		9CA7D06C231AFDDD005264CA /* LaunchScreen.storyboard */ = {
			isa = PBXVariantGroup;
			children = (
				9CA7D06D231AFDDD005264CA /* Base */,
			);
			name = LaunchScreen.storyboard;
			sourceTree = "<group>";
		};
/* End PBXVariantGroup section */

/* Begin XCBuildConfiguration section */
		9CA7D086231AFDDD005264CA /* Debug */ = {
			isa = XCBuildConfiguration;
			buildSettings = {
				ALWAYS_SEARCH_USER_PATHS = NO;
				CLANG_ANALYZER_NONNULL = YES;
				CLANG_ANALYZER_NUMBER_OBJECT_CONVERSION = YES_AGGRESSIVE;
				CLANG_CXX_LANGUAGE_STANDARD = "gnu++14";
				CLANG_CXX_LIBRARY = "libc++";
				CLANG_ENABLE_MODULES = YES;
				CLANG_ENABLE_OBJC_ARC = YES;
				CLANG_ENABLE_OBJC_WEAK = YES;
				CLANG_WARN_BLOCK_CAPTURE_AUTORELEASING = YES;
				CLANG_WARN_BOOL_CONVERSION = YES;
				CLANG_WARN_COMMA = YES;
				CLANG_WARN_CONSTANT_CONVERSION = YES;
				CLANG_WARN_DEPRECATED_OBJC_IMPLEMENTATIONS = YES;
				CLANG_WARN_DIRECT_OBJC_ISA_USAGE = YES_ERROR;
				CLANG_WARN_DOCUMENTATION_COMMENTS = YES;
				CLANG_WARN_EMPTY_BODY = YES;
				CLANG_WARN_ENUM_CONVERSION = YES;
				CLANG_WARN_INFINITE_RECURSION = YES;
				CLANG_WARN_INT_CONVERSION = YES;
				CLANG_WARN_NON_LITERAL_NULL_CONVERSION = YES;
				CLANG_WARN_OBJC_IMPLICIT_RETAIN_SELF = YES;
				CLANG_WARN_OBJC_LITERAL_CONVERSION = YES;
				CLANG_WARN_OBJC_ROOT_CLASS = YES_ERROR;
				CLANG_WARN_RANGE_LOOP_ANALYSIS = YES;
				CLANG_WARN_STRICT_PROTOTYPES = YES;
				CLANG_WARN_SUSPICIOUS_MOVE = YES;
				CLANG_WARN_UNGUARDED_AVAILABILITY = YES_AGGRESSIVE;
				CLANG_WARN_UNREACHABLE_CODE = YES;
				CLANG_WARN__DUPLICATE_METHOD_MATCH = YES;
				CODE_SIGN_IDENTITY = "iPhone Developer";
				COPY_PHASE_STRIP = NO;
				DEBUG_INFORMATION_FORMAT = dwarf;
				ENABLE_STRICT_OBJC_MSGSEND = YES;
				ENABLE_TESTABILITY = YES;
				GCC_C_LANGUAGE_STANDARD = gnu11;
				GCC_DYNAMIC_NO_PIC = NO;
				GCC_NO_COMMON_BLOCKS = YES;
				GCC_OPTIMIZATION_LEVEL = 0;
				GCC_PREPROCESSOR_DEFINITIONS = (
					"DEBUG=1",
					"$(inherited)",
				);
				GCC_WARN_64_TO_32_BIT_CONVERSION = YES;
				GCC_WARN_ABOUT_RETURN_TYPE = YES_ERROR;
				GCC_WARN_UNDECLARED_SELECTOR = YES;
				GCC_WARN_UNINITIALIZED_AUTOS = YES_AGGRESSIVE;
				GCC_WARN_UNUSED_FUNCTION = YES;
				GCC_WARN_UNUSED_VARIABLE = YES;
				IPHONEOS_DEPLOYMENT_TARGET = 12.2;
				MTL_ENABLE_DEBUG_INFO = INCLUDE_SOURCE;
				MTL_FAST_MATH = YES;
				ONLY_ACTIVE_ARCH = YES;
				SDKROOT = iphoneos;
				SWIFT_ACTIVE_COMPILATION_CONDITIONS = DEBUG;
				SWIFT_OPTIMIZATION_LEVEL = "-Onone";
			};
			name = Debug;
		};
		9CA7D087231AFDDD005264CA /* Release */ = {
			isa = XCBuildConfiguration;
			buildSettings = {
				ALWAYS_SEARCH_USER_PATHS = NO;
				CLANG_ANALYZER_NONNULL = YES;
				CLANG_ANALYZER_NUMBER_OBJECT_CONVERSION = YES_AGGRESSIVE;
				CLANG_CXX_LANGUAGE_STANDARD = "gnu++14";
				CLANG_CXX_LIBRARY = "libc++";
				CLANG_ENABLE_MODULES = YES;
				CLANG_ENABLE_OBJC_ARC = YES;
				CLANG_ENABLE_OBJC_WEAK = YES;
				CLANG_WARN_BLOCK_CAPTURE_AUTORELEASING = YES;
				CLANG_WARN_BOOL_CONVERSION = YES;
				CLANG_WARN_COMMA = YES;
				CLANG_WARN_CONSTANT_CONVERSION = YES;
				CLANG_WARN_DEPRECATED_OBJC_IMPLEMENTATIONS = YES;
				CLANG_WARN_DIRECT_OBJC_ISA_USAGE = YES_ERROR;
				CLANG_WARN_DOCUMENTATION_COMMENTS = YES;
				CLANG_WARN_EMPTY_BODY = YES;
				CLANG_WARN_ENUM_CONVERSION = YES;
				CLANG_WARN_INFINITE_RECURSION = YES;
				CLANG_WARN_INT_CONVERSION = YES;
				CLANG_WARN_NON_LITERAL_NULL_CONVERSION = YES;
				CLANG_WARN_OBJC_IMPLICIT_RETAIN_SELF = YES;
				CLANG_WARN_OBJC_LITERAL_CONVERSION = YES;
				CLANG_WARN_OBJC_ROOT_CLASS = YES_ERROR;
				CLANG_WARN_RANGE_LOOP_ANALYSIS = YES;
				CLANG_WARN_STRICT_PROTOTYPES = YES;
				CLANG_WARN_SUSPICIOUS_MOVE = YES;
				CLANG_WARN_UNGUARDED_AVAILABILITY = YES_AGGRESSIVE;
				CLANG_WARN_UNREACHABLE_CODE = YES;
				CLANG_WARN__DUPLICATE_METHOD_MATCH = YES;
				CODE_SIGN_IDENTITY = "iPhone Developer";
				COPY_PHASE_STRIP = NO;
				DEBUG_INFORMATION_FORMAT = "dwarf-with-dsym";
				ENABLE_NS_ASSERTIONS = NO;
				ENABLE_STRICT_OBJC_MSGSEND = YES;
				GCC_C_LANGUAGE_STANDARD = gnu11;
				GCC_NO_COMMON_BLOCKS = YES;
				GCC_WARN_64_TO_32_BIT_CONVERSION = YES;
				GCC_WARN_ABOUT_RETURN_TYPE = YES_ERROR;
				GCC_WARN_UNDECLARED_SELECTOR = YES;
				GCC_WARN_UNINITIALIZED_AUTOS = YES_AGGRESSIVE;
				GCC_WARN_UNUSED_FUNCTION = YES;
				GCC_WARN_UNUSED_VARIABLE = YES;
				IPHONEOS_DEPLOYMENT_TARGET = 12.2;
				MTL_ENABLE_DEBUG_INFO = NO;
				MTL_FAST_MATH = YES;
				SDKROOT = iphoneos;
				SWIFT_COMPILATION_MODE = wholemodule;
				SWIFT_OPTIMIZATION_LEVEL = "-O";
				VALIDATE_PRODUCT = YES;
			};
			name = Release;
		};
		9CA7D089231AFDDD005264CA /* Debug */ = {
			isa = XCBuildConfiguration;
			buildSettings = {
				ASSETCATALOG_COMPILER_APPICON_NAME = AppIcon;
				CODE_SIGN_STYLE = Automatic;
				DEVELOPMENT_TEAM = PKZH322ML9;
				INFOPLIST_FILE = "TASC-1/Info.plist";
				LD_RUNPATH_SEARCH_PATHS = (
					"$(inherited)",
					"@executable_path/Frameworks",
				);
				PRODUCT_BUNDLE_IDENTIFIER = "com.jim.TASC-1";
				PRODUCT_NAME = "$(TARGET_NAME)";
				SWIFT_VERSION = 5.0;
				TARGETED_DEVICE_FAMILY = "1,2";
			};
			name = Debug;
		};
		9CA7D08A231AFDDD005264CA /* Release */ = {
			isa = XCBuildConfiguration;
			buildSettings = {
				ASSETCATALOG_COMPILER_APPICON_NAME = AppIcon;
				CODE_SIGN_STYLE = Automatic;
				DEVELOPMENT_TEAM = PKZH322ML9;
				INFOPLIST_FILE = "TASC-1/Info.plist";
				LD_RUNPATH_SEARCH_PATHS = (
					"$(inherited)",
					"@executable_path/Frameworks",
				);
				PRODUCT_BUNDLE_IDENTIFIER = "com.jim.TASC-1";
				PRODUCT_NAME = "$(TARGET_NAME)";
				SWIFT_VERSION = 5.0;
				TARGETED_DEVICE_FAMILY = "1,2";
			};
			name = Release;
		};
		9CA7D08C231AFDDD005264CA /* Debug */ = {
			isa = XCBuildConfiguration;
			buildSettings = {
				ALWAYS_EMBED_SWIFT_STANDARD_LIBRARIES = YES;
				BUNDLE_LOADER = "$(TEST_HOST)";
				CODE_SIGN_STYLE = Automatic;
				DEVELOPMENT_TEAM = PKZH322ML9;
				INFOPLIST_FILE = "TASC-1Tests/Info.plist";
				LD_RUNPATH_SEARCH_PATHS = (
					"$(inherited)",
					"@executable_path/Frameworks",
					"@loader_path/Frameworks",
				);
				PRODUCT_BUNDLE_IDENTIFIER = "com.jim.TASC-1Tests";
				PRODUCT_NAME = "$(TARGET_NAME)";
				SWIFT_VERSION = 5.0;
				TARGETED_DEVICE_FAMILY = "1,2";
				TEST_HOST = "$(BUILT_PRODUCTS_DIR)/TASC-1.app/TASC-1";
			};
			name = Debug;
		};
		9CA7D08D231AFDDD005264CA /* Release */ = {
			isa = XCBuildConfiguration;
			buildSettings = {
				ALWAYS_EMBED_SWIFT_STANDARD_LIBRARIES = YES;
				BUNDLE_LOADER = "$(TEST_HOST)";
				CODE_SIGN_STYLE = Automatic;
				DEVELOPMENT_TEAM = PKZH322ML9;
				INFOPLIST_FILE = "TASC-1Tests/Info.plist";
				LD_RUNPATH_SEARCH_PATHS = (
					"$(inherited)",
					"@executable_path/Frameworks",
					"@loader_path/Frameworks",
				);
				PRODUCT_BUNDLE_IDENTIFIER = "com.jim.TASC-1Tests";
				PRODUCT_NAME = "$(TARGET_NAME)";
				SWIFT_VERSION = 5.0;
				TARGETED_DEVICE_FAMILY = "1,2";
				TEST_HOST = "$(BUILT_PRODUCTS_DIR)/TASC-1.app/TASC-1";
			};
			name = Release;
		};
		9CA7D08F231AFDDD005264CA /* Debug */ = {
			isa = XCBuildConfiguration;
			buildSettings = {
				ALWAYS_EMBED_SWIFT_STANDARD_LIBRARIES = YES;
				CODE_SIGN_STYLE = Automatic;
				DEVELOPMENT_TEAM = PKZH322ML9;
				INFOPLIST_FILE = "TASC-1UITests/Info.plist";
				LD_RUNPATH_SEARCH_PATHS = (
					"$(inherited)",
					"@executable_path/Frameworks",
					"@loader_path/Frameworks",
				);
				PRODUCT_BUNDLE_IDENTIFIER = "com.jim.TASC-1UITests";
				PRODUCT_NAME = "$(TARGET_NAME)";
				SWIFT_VERSION = 5.0;
				TARGETED_DEVICE_FAMILY = "1,2";
				TEST_TARGET_NAME = "TASC-1";
			};
			name = Debug;
		};
		9CA7D090231AFDDD005264CA /* Release */ = {
			isa = XCBuildConfiguration;
			buildSettings = {
				ALWAYS_EMBED_SWIFT_STANDARD_LIBRARIES = YES;
				CODE_SIGN_STYLE = Automatic;
				DEVELOPMENT_TEAM = PKZH322ML9;
				INFOPLIST_FILE = "TASC-1UITests/Info.plist";
				LD_RUNPATH_SEARCH_PATHS = (
					"$(inherited)",
					"@executable_path/Frameworks",
					"@loader_path/Frameworks",
				);
				PRODUCT_BUNDLE_IDENTIFIER = "com.jim.TASC-1UITests";
				PRODUCT_NAME = "$(TARGET_NAME)";
				SWIFT_VERSION = 5.0;
				TARGETED_DEVICE_FAMILY = "1,2";
				TEST_TARGET_NAME = "TASC-1";
			};
			name = Release;
		};
/* End XCBuildConfiguration section */

/* Begin XCConfigurationList section */
		9CA7D05B231AFDDB005264CA /* Build configuration list for PBXProject "TASC-1" */ = {
			isa = XCConfigurationList;
			buildConfigurations = (
				9CA7D086231AFDDD005264CA /* Debug */,
				9CA7D087231AFDDD005264CA /* Release */,
			);
			defaultConfigurationIsVisible = 0;
			defaultConfigurationName = Release;
		};
		9CA7D088231AFDDD005264CA /* Build configuration list for PBXNativeTarget "TASC-1" */ = {
			isa = XCConfigurationList;
			buildConfigurations = (
				9CA7D089231AFDDD005264CA /* Debug */,
				9CA7D08A231AFDDD005264CA /* Release */,
			);
			defaultConfigurationIsVisible = 0;
			defaultConfigurationName = Release;
		};
		9CA7D08B231AFDDD005264CA /* Build configuration list for PBXNativeTarget "TASC-1Tests" */ = {
			isa = XCConfigurationList;
			buildConfigurations = (
				9CA7D08C231AFDDD005264CA /* Debug */,
				9CA7D08D231AFDDD005264CA /* Release */,
			);
			defaultConfigurationIsVisible = 0;
			defaultConfigurationName = Release;
		};
		9CA7D08E231AFDDD005264CA /* Build configuration list for PBXNativeTarget "TASC-1UITests" */ = {
			isa = XCConfigurationList;
			buildConfigurations = (
				9CA7D08F231AFDDD005264CA /* Debug */,
				9CA7D090231AFDDD005264CA /* Release */,
			);
			defaultConfigurationIsVisible = 0;
			defaultConfigurationName = Release;
		};
/* End XCConfigurationList section */
	};
	rootObject = 9CA7D058231AFDDB005264CA /* Project object */;
}
